
Microsoft Visual Studio Solution File, Format Version 12.00
# Visual Studio 15
VisualStudioVersion = 15.0.28307.1145
MinimumVisualStudioVersion = 10.0.40219.1
Project("{FAE04EC0-301F-11D3-BF4B-00C04F79EFBC}") = "SimpleCalculator", "SimpleCalculator\SimpleCalculator.csproj", "{FA5A3326-7F60-444B-A0CA-70B7946B7A01}"
EndProject
Global
	GlobalSection(SolutionConfigurationPlatforms) = preSolution
		Debug|Any CPU = Debug|Any CPU
		Release|Any CPU = Release|Any CPU
	EndGlobalSection
	GlobalSection(ProjectConfigurationPlatforms) = postSolution
		{FA5A3326-7F60-444B-A0CA-70B7946B7A01}.Debug|Any CPU.ActiveCfg = Debug|Any CPU
		{FA5A3326-7F60-444B-A0CA-70B7946B7A01}.Debug|Any CPU.Build.0 = Debug|Any CPU
		{FA5A3326-7F60-444B-A0CA-70B7946B7A01}.Release|Any CPU.ActiveCfg = Release|Any CPU
		{FA5A3326-7F60-444B-A0CA-70B7946B7A01}.Release|Any CPU.Build.0 = Release|Any CPU
	EndGlobalSection
	GlobalSection(SolutionProperties) = preSolution
		HideSolutionNode = FALSE
	EndGlobalSection
	GlobalSection(ExtensibilityGlobals) = postSolution
		SolutionGuid = {EFCEDC54-0291-4AF8-BF4C-CEB067562A77}
	EndGlobalSection
EndGlobal
